
Microsoft Visual Studio Solution File, Format Version 12.00
# Visual Studio 14
VisualStudioVersion = 14.0.23107.0
MinimumVisualStudioVersion = 10.0.40219.1
Project("{FAE04EC0-301F-11D3-BF4B-00C04F79EFBC}") = "RecipeBook.Web", "RecipeBook_Web\RecipeBook.Web.csproj", "{39090B97-A1F5-4CBC-A1EF-538DE5AC2B63}"
EndProject
Project("{FAE04EC0-301F-11D3-BF4B-00C04F79EFBC}") = "RecipeBook_Web.Tests", "RecipeBook_Web.Tests\RecipeBook_Web.Tests.csproj", "{2AC376F6-EEAE-4495-88AE-D48397A6414D}"
EndProject
Project("{00D1A9C2-B5F0-4AF3-8072-F6C62B433612}") = "RecipeBook.Database", "RecipeBook.Database\RecipeBook.Database.sqlproj", "{2AD99770-A44A-452B-93B3-174D98B2A94B}"
EndProject
Global
	GlobalSection(SolutionConfigurationPlatforms) = preSolution
		Debug|Any CPU = Debug|Any CPU
		Release|Any CPU = Release|Any CPU
	EndGlobalSection
	GlobalSection(ProjectConfigurationPlatforms) = postSolution
		{39090B97-A1F5-4CBC-A1EF-538DE5AC2B63}.Debug|Any CPU.ActiveCfg = Debug|Any CPU
		{39090B97-A1F5-4CBC-A1EF-538DE5AC2B63}.Debug|Any CPU.Build.0 = Debug|Any CPU
		{39090B97-A1F5-4CBC-A1EF-538DE5AC2B63}.Release|Any CPU.ActiveCfg = Release|Any CPU
		{39090B97-A1F5-4CBC-A1EF-538DE5AC2B63}.Release|Any CPU.Build.0 = Release|Any CPU
		{2AC376F6-EEAE-4495-88AE-D48397A6414D}.Debug|Any CPU.ActiveCfg = Debug|Any CPU
		{2AC376F6-EEAE-4495-88AE-D48397A6414D}.Debug|Any CPU.Build.0 = Debug|Any CPU
		{2AC376F6-EEAE-4495-88AE-D48397A6414D}.Release|Any CPU.ActiveCfg = Release|Any CPU
		{2AC376F6-EEAE-4495-88AE-D48397A6414D}.Release|Any CPU.Build.0 = Release|Any CPU
		{2AD99770-A44A-452B-93B3-174D98B2A94B}.Debug|Any CPU.ActiveCfg = Debug|Any CPU
		{2AD99770-A44A-452B-93B3-174D98B2A94B}.Debug|Any CPU.Build.0 = Debug|Any CPU
		{2AD99770-A44A-452B-93B3-174D98B2A94B}.Debug|Any CPU.Deploy.0 = Debug|Any CPU
		{2AD99770-A44A-452B-93B3-174D98B2A94B}.Release|Any CPU.ActiveCfg = Release|Any CPU
		{2AD99770-A44A-452B-93B3-174D98B2A94B}.Release|Any CPU.Build.0 = Release|Any CPU
		{2AD99770-A44A-452B-93B3-174D98B2A94B}.Release|Any CPU.Deploy.0 = Release|Any CPU
	EndGlobalSection
	GlobalSection(SolutionProperties) = preSolution
		HideSolutionNode = FALSE
	EndGlobalSection
EndGlobal
