
Microsoft Visual Studio Solution File, Format Version 12.00
# Visual Studio 14
VisualStudioVersion = 14.0.23107.0
MinimumVisualStudioVersion = 10.0.40219.1
Project("{FAE04EC0-301F-11D3-BF4B-00C04F79EFBC}") = "RecipeBook.Web", "RecipeBook_Web\RecipeBook.Web.csproj", "{39090B97-A1F5-4CBC-A1EF-538DE5AC2B63}"
EndProject
Project("{FAE04EC0-301F-11D3-BF4B-00C04F79EFBC}") = "RecipeBook_Web.Tests", "RecipeBook_Web.Tests\RecipeBook_Web.Tests.csproj", "{2AC376F6-EEAE-4495-88AE-D48397A6414D}"
EndProject
Project("{00D1A9C2-B5F0-4AF3-8072-F6C62B433612}") = "RecipeBook.Database", "RecipeBook.Database\RecipeBook.Database.sqlproj", "{2AD99770-A44A-452B-93B3-174D98B2A94B}"
EndProject
Project("{FAE04EC0-301F-11D3-BF4B-00C04F79EFBC}") = "RecipeBook.DAL", "RecipeBook.DAL\RecipeBook.DAL.csproj", "{5B16B2A3-DF7C-4CEA-B250-A330CD89183F}"
EndProject
Project("{FAE04EC0-301F-11D3-BF4B-00C04F79EFBC}") = "RecipeBook.BLL", "RecipeBook.BLL\RecipeBook.BLL.csproj", "{21D52E1D-75D1-4209-B8B5-79EDCF46D729}"
EndProject
Project("{FAE04EC0-301F-11D3-BF4B-00C04F79EFBC}") = "RecipeBook.Models", "RecipeBook.Objects\RecipeBook.Models.csproj", "{659CDDB6-444E-44D2-AF86-8920DFED7E99}"
EndProject
Global
	GlobalSection(SolutionConfigurationPlatforms) = preSolution
		Debug|Any CPU = Debug|Any CPU
		Release|Any CPU = Release|Any CPU
	EndGlobalSection
	GlobalSection(ProjectConfigurationPlatforms) = postSolution
		{39090B97-A1F5-4CBC-A1EF-538DE5AC2B63}.Debug|Any CPU.ActiveCfg = Debug|Any CPU
		{39090B97-A1F5-4CBC-A1EF-538DE5AC2B63}.Debug|Any CPU.Build.0 = Debug|Any CPU
		{39090B97-A1F5-4CBC-A1EF-538DE5AC2B63}.Release|Any CPU.ActiveCfg = Release|Any CPU
		{39090B97-A1F5-4CBC-A1EF-538DE5AC2B63}.Release|Any CPU.Build.0 = Release|Any CPU
		{2AC376F6-EEAE-4495-88AE-D48397A6414D}.Debug|Any CPU.ActiveCfg = Debug|Any CPU
		{2AC376F6-EEAE-4495-88AE-D48397A6414D}.Debug|Any CPU.Build.0 = Debug|Any CPU
		{2AC376F6-EEAE-4495-88AE-D48397A6414D}.Release|Any CPU.ActiveCfg = Release|Any CPU
		{2AC376F6-EEAE-4495-88AE-D48397A6414D}.Release|Any CPU.Build.0 = Release|Any CPU
		{2AD99770-A44A-452B-93B3-174D98B2A94B}.Debug|Any CPU.ActiveCfg = Debug|Any CPU
		{2AD99770-A44A-452B-93B3-174D98B2A94B}.Debug|Any CPU.Build.0 = Debug|Any CPU
		{2AD99770-A44A-452B-93B3-174D98B2A94B}.Debug|Any CPU.Deploy.0 = Debug|Any CPU
		{2AD99770-A44A-452B-93B3-174D98B2A94B}.Release|Any CPU.ActiveCfg = Release|Any CPU
		{2AD99770-A44A-452B-93B3-174D98B2A94B}.Release|Any CPU.Build.0 = Release|Any CPU
		{2AD99770-A44A-452B-93B3-174D98B2A94B}.Release|Any CPU.Deploy.0 = Release|Any CPU
		{5B16B2A3-DF7C-4CEA-B250-A330CD89183F}.Debug|Any CPU.ActiveCfg = Debug|Any CPU
		{5B16B2A3-DF7C-4CEA-B250-A330CD89183F}.Debug|Any CPU.Build.0 = Debug|Any CPU
		{5B16B2A3-DF7C-4CEA-B250-A330CD89183F}.Release|Any CPU.ActiveCfg = Release|Any CPU
		{5B16B2A3-DF7C-4CEA-B250-A330CD89183F}.Release|Any CPU.Build.0 = Release|Any CPU
		{21D52E1D-75D1-4209-B8B5-79EDCF46D729}.Debug|Any CPU.ActiveCfg = Debug|Any CPU
		{21D52E1D-75D1-4209-B8B5-79EDCF46D729}.Debug|Any CPU.Build.0 = Debug|Any CPU
		{21D52E1D-75D1-4209-B8B5-79EDCF46D729}.Release|Any CPU.ActiveCfg = Release|Any CPU
		{21D52E1D-75D1-4209-B8B5-79EDCF46D729}.Release|Any CPU.Build.0 = Release|Any CPU
		{659CDDB6-444E-44D2-AF86-8920DFED7E99}.Debug|Any CPU.ActiveCfg = Debug|Any CPU
		{659CDDB6-444E-44D2-AF86-8920DFED7E99}.Debug|Any CPU.Build.0 = Debug|Any CPU
		{659CDDB6-444E-44D2-AF86-8920DFED7E99}.Release|Any CPU.ActiveCfg = Release|Any CPU
		{659CDDB6-444E-44D2-AF86-8920DFED7E99}.Release|Any CPU.Build.0 = Release|Any CPU
	EndGlobalSection
	GlobalSection(SolutionProperties) = preSolution
		HideSolutionNode = FALSE
	EndGlobalSection
EndGlobal
